
Microsoft Visual Studio Solution File, Format Version 11.00
# Visual Studio 2010
Project("{FAE04EC0-301F-11D3-BF4B-00C04F79EFBC}") = "OlgaAgafonova_Puzzler", "Assembly-CSharp-firstpass.csproj", "{A8C8EE96-9EF9-8A3A-BD44-D74CA705804D}"
EndProject
Project("{FAE04EC0-301F-11D3-BF4B-00C04F79EFBC}") = "OlgaAgafonova_Puzzler", "Assembly-CSharp.csproj", "{C4938364-6743-4973-996A-DF273544E9E4}"
EndProject
Project("{FAE04EC0-301F-11D3-BF4B-00C04F79EFBC}") = "OlgaAgafonova_Puzzler", "Assembly-CSharp-Editor.csproj", "{F96CE6C4-3CBA-B33F-25F7-69138A614A47}"
EndProject
Global
	GlobalSection(SolutionConfigurationPlatforms) = preSolution
		Debug|Any CPU = Debug|Any CPU
		Release|Any CPU = Release|Any CPU
	EndGlobalSection
	GlobalSection(ProjectConfigurationPlatforms) = postSolution
		{A8C8EE96-9EF9-8A3A-BD44-D74CA705804D}.Debug|Any CPU.ActiveCfg = Debug|Any CPU
		{A8C8EE96-9EF9-8A3A-BD44-D74CA705804D}.Debug|Any CPU.Build.0 = Debug|Any CPU
		{A8C8EE96-9EF9-8A3A-BD44-D74CA705804D}.Release|Any CPU.ActiveCfg = Release|Any CPU
		{A8C8EE96-9EF9-8A3A-BD44-D74CA705804D}.Release|Any CPU.Build.0 = Release|Any CPU
		{C4938364-6743-4973-996A-DF273544E9E4}.Debug|Any CPU.ActiveCfg = Debug|Any CPU
		{C4938364-6743-4973-996A-DF273544E9E4}.Debug|Any CPU.Build.0 = Debug|Any CPU
		{C4938364-6743-4973-996A-DF273544E9E4}.Release|Any CPU.ActiveCfg = Release|Any CPU
		{C4938364-6743-4973-996A-DF273544E9E4}.Release|Any CPU.Build.0 = Release|Any CPU
		{F96CE6C4-3CBA-B33F-25F7-69138A614A47}.Debug|Any CPU.ActiveCfg = Debug|Any CPU
		{F96CE6C4-3CBA-B33F-25F7-69138A614A47}.Debug|Any CPU.Build.0 = Debug|Any CPU
		{F96CE6C4-3CBA-B33F-25F7-69138A614A47}.Release|Any CPU.ActiveCfg = Release|Any CPU
		{F96CE6C4-3CBA-B33F-25F7-69138A614A47}.Release|Any CPU.Build.0 = Release|Any CPU
	EndGlobalSection
	GlobalSection(SolutionProperties) = preSolution
		HideSolutionNode = FALSE
	EndGlobalSection
	GlobalSection(MonoDevelopProperties) = preSolution
		StartupItem = Assembly-CSharp.csproj
	EndGlobalSection
EndGlobal
